
Microsoft Visual Studio Solution File, Format Version 12.00
# Visual Studio Version 17
VisualStudioVersion = 17.0.32112.339
MinimumVisualStudioVersion = 10.0.40219.1
Project("{9A19103F-16F7-4668-BE54-9A1E7A4F7556}") = "MinecraftLibrary.API", "MinecraftLibrary.API\MinecraftLibrary.API.csproj", "{35E36F97-CF7F-4DB0-93B2-045BF54540F4}"
EndProject
Project("{9A19103F-16F7-4668-BE54-9A1E7A4F7556}") = "MinecraftLibrary.Geometry", "MinecraftLibrary.Geometry\MinecraftLibrary.Geometry.csproj", "{16FD846A-250A-4784-9559-42554AC43AFA}"
EndProject
Project("{9A19103F-16F7-4668-BE54-9A1E7A4F7556}") = "ProtocolLib340", "ProtocolLib340\ProtocolLib340.csproj", "{353C5E7C-5ED9-4675-85B4-E20F4F28C838}"
EndProject
Project("{9A19103F-16F7-4668-BE54-9A1E7A4F7556}") = "MinecraftLibrary.Core", "MinecraftLibrary.Core\MinecraftLibrary.Core.csproj", "{AFEB3991-7C6B-482F-A230-1EEF8B3C6872}"
EndProject
Project("{9A19103F-16F7-4668-BE54-9A1E7A4F7556}") = "ConsoleApp1", "ConsoleApp1\ConsoleApp1.csproj", "{F0F61389-B74A-4F72-A4BB-8AB2D4917E88}"
EndProject
Project("{9A19103F-16F7-4668-BE54-9A1E7A4F7556}") = "MinecraftLibrary.NBT", "MinecraftLibrary.NBT\MinecraftLibrary.NBT.csproj", "{2837164D-432C-46F9-B6B5-DF86D84F5751}"
EndProject
Project("{9A19103F-16F7-4668-BE54-9A1E7A4F7556}") = "MinecraftBotManagerWPF", "MinecraftBotManagerWPF\MinecraftBotManagerWPF.csproj", "{16D53B4D-627E-453F-AE29-BA8025E482F2}"
EndProject
Project("{9A19103F-16F7-4668-BE54-9A1E7A4F7556}") = "MinecraftLibrary.Utils", "MinecraftLibrary.Utils\MinecraftLibrary.Utils.csproj", "{97A38703-32DB-4596-A1A7-051A145FECFA}"
EndProject
Global
	GlobalSection(SolutionConfigurationPlatforms) = preSolution
		Debug|Any CPU = Debug|Any CPU
		Debug|ARM = Debug|ARM
		Debug|ARM64 = Debug|ARM64
		Debug|x64 = Debug|x64
		Debug|x86 = Debug|x86
		Release|Any CPU = Release|Any CPU
		Release|ARM = Release|ARM
		Release|ARM64 = Release|ARM64
		Release|x64 = Release|x64
		Release|x86 = Release|x86
	EndGlobalSection
	GlobalSection(ProjectConfigurationPlatforms) = postSolution
		{35E36F97-CF7F-4DB0-93B2-045BF54540F4}.Debug|Any CPU.ActiveCfg = Debug|Any CPU
		{35E36F97-CF7F-4DB0-93B2-045BF54540F4}.Debug|Any CPU.Build.0 = Debug|Any CPU
		{35E36F97-CF7F-4DB0-93B2-045BF54540F4}.Debug|ARM.ActiveCfg = Debug|Any CPU
		{35E36F97-CF7F-4DB0-93B2-045BF54540F4}.Debug|ARM.Build.0 = Debug|Any CPU
		{35E36F97-CF7F-4DB0-93B2-045BF54540F4}.Debug|ARM64.ActiveCfg = Debug|Any CPU
		{35E36F97-CF7F-4DB0-93B2-045BF54540F4}.Debug|ARM64.Build.0 = Debug|Any CPU
		{35E36F97-CF7F-4DB0-93B2-045BF54540F4}.Debug|x64.ActiveCfg = Debug|Any CPU
		{35E36F97-CF7F-4DB0-93B2-045BF54540F4}.Debug|x64.Build.0 = Debug|Any CPU
		{35E36F97-CF7F-4DB0-93B2-045BF54540F4}.Debug|x86.ActiveCfg = Debug|Any CPU
		{35E36F97-CF7F-4DB0-93B2-045BF54540F4}.Debug|x86.Build.0 = Debug|Any CPU
		{35E36F97-CF7F-4DB0-93B2-045BF54540F4}.Release|Any CPU.ActiveCfg = Release|Any CPU
		{35E36F97-CF7F-4DB0-93B2-045BF54540F4}.Release|Any CPU.Build.0 = Release|Any CPU
		{35E36F97-CF7F-4DB0-93B2-045BF54540F4}.Release|ARM.ActiveCfg = Release|Any CPU
		{35E36F97-CF7F-4DB0-93B2-045BF54540F4}.Release|ARM.Build.0 = Release|Any CPU
		{35E36F97-CF7F-4DB0-93B2-045BF54540F4}.Release|ARM64.ActiveCfg = Release|Any CPU
		{35E36F97-CF7F-4DB0-93B2-045BF54540F4}.Release|ARM64.Build.0 = Release|Any CPU
		{35E36F97-CF7F-4DB0-93B2-045BF54540F4}.Release|x64.ActiveCfg = Release|Any CPU
		{35E36F97-CF7F-4DB0-93B2-045BF54540F4}.Release|x64.Build.0 = Release|Any CPU
		{35E36F97-CF7F-4DB0-93B2-045BF54540F4}.Release|x86.ActiveCfg = Release|Any CPU
		{35E36F97-CF7F-4DB0-93B2-045BF54540F4}.Release|x86.Build.0 = Release|Any CPU
		{16FD846A-250A-4784-9559-42554AC43AFA}.Debug|Any CPU.ActiveCfg = Debug|Any CPU
		{16FD846A-250A-4784-9559-42554AC43AFA}.Debug|Any CPU.Build.0 = Debug|Any CPU
		{16FD846A-250A-4784-9559-42554AC43AFA}.Debug|ARM.ActiveCfg = Debug|Any CPU
		{16FD846A-250A-4784-9559-42554AC43AFA}.Debug|ARM.Build.0 = Debug|Any CPU
		{16FD846A-250A-4784-9559-42554AC43AFA}.Debug|ARM64.ActiveCfg = Debug|Any CPU
		{16FD846A-250A-4784-9559-42554AC43AFA}.Debug|ARM64.Build.0 = Debug|Any CPU
		{16FD846A-250A-4784-9559-42554AC43AFA}.Debug|x64.ActiveCfg = Debug|Any CPU
		{16FD846A-250A-4784-9559-42554AC43AFA}.Debug|x64.Build.0 = Debug|Any CPU
		{16FD846A-250A-4784-9559-42554AC43AFA}.Debug|x86.ActiveCfg = Debug|Any CPU
		{16FD846A-250A-4784-9559-42554AC43AFA}.Debug|x86.Build.0 = Debug|Any CPU
		{16FD846A-250A-4784-9559-42554AC43AFA}.Release|Any CPU.ActiveCfg = Release|Any CPU
		{16FD846A-250A-4784-9559-42554AC43AFA}.Release|Any CPU.Build.0 = Release|Any CPU
		{16FD846A-250A-4784-9559-42554AC43AFA}.Release|ARM.ActiveCfg = Release|Any CPU
		{16FD846A-250A-4784-9559-42554AC43AFA}.Release|ARM.Build.0 = Release|Any CPU
		{16FD846A-250A-4784-9559-42554AC43AFA}.Release|ARM64.ActiveCfg = Release|Any CPU
		{16FD846A-250A-4784-9559-42554AC43AFA}.Release|ARM64.Build.0 = Release|Any CPU
		{16FD846A-250A-4784-9559-42554AC43AFA}.Release|x64.ActiveCfg = Release|Any CPU
		{16FD846A-250A-4784-9559-42554AC43AFA}.Release|x64.Build.0 = Release|Any CPU
		{16FD846A-250A-4784-9559-42554AC43AFA}.Release|x86.ActiveCfg = Release|Any CPU
		{16FD846A-250A-4784-9559-42554AC43AFA}.Release|x86.Build.0 = Release|Any CPU
		{353C5E7C-5ED9-4675-85B4-E20F4F28C838}.Debug|Any CPU.ActiveCfg = Debug|Any CPU
		{353C5E7C-5ED9-4675-85B4-E20F4F28C838}.Debug|Any CPU.Build.0 = Debug|Any CPU
		{353C5E7C-5ED9-4675-85B4-E20F4F28C838}.Debug|ARM.ActiveCfg = Debug|Any CPU
		{353C5E7C-5ED9-4675-85B4-E20F4F28C838}.Debug|ARM.Build.0 = Debug|Any CPU
		{353C5E7C-5ED9-4675-85B4-E20F4F28C838}.Debug|ARM64.ActiveCfg = Debug|Any CPU
		{353C5E7C-5ED9-4675-85B4-E20F4F28C838}.Debug|ARM64.Build.0 = Debug|Any CPU
		{353C5E7C-5ED9-4675-85B4-E20F4F28C838}.Debug|x64.ActiveCfg = Debug|Any CPU
		{353C5E7C-5ED9-4675-85B4-E20F4F28C838}.Debug|x64.Build.0 = Debug|Any CPU
		{353C5E7C-5ED9-4675-85B4-E20F4F28C838}.Debug|x86.ActiveCfg = Debug|Any CPU
		{353C5E7C-5ED9-4675-85B4-E20F4F28C838}.Debug|x86.Build.0 = Debug|Any CPU
		{353C5E7C-5ED9-4675-85B4-E20F4F28C838}.Release|Any CPU.ActiveCfg = Release|Any CPU
		{353C5E7C-5ED9-4675-85B4-E20F4F28C838}.Release|Any CPU.Build.0 = Release|Any CPU
		{353C5E7C-5ED9-4675-85B4-E20F4F28C838}.Release|ARM.ActiveCfg = Release|Any CPU
		{353C5E7C-5ED9-4675-85B4-E20F4F28C838}.Release|ARM.Build.0 = Release|Any CPU
		{353C5E7C-5ED9-4675-85B4-E20F4F28C838}.Release|ARM64.ActiveCfg = Release|Any CPU
		{353C5E7C-5ED9-4675-85B4-E20F4F28C838}.Release|ARM64.Build.0 = Release|Any CPU
		{353C5E7C-5ED9-4675-85B4-E20F4F28C838}.Release|x64.ActiveCfg = Release|Any CPU
		{353C5E7C-5ED9-4675-85B4-E20F4F28C838}.Release|x64.Build.0 = Release|Any CPU
		{353C5E7C-5ED9-4675-85B4-E20F4F28C838}.Release|x86.ActiveCfg = Release|Any CPU
		{353C5E7C-5ED9-4675-85B4-E20F4F28C838}.Release|x86.Build.0 = Release|Any CPU
		{AFEB3991-7C6B-482F-A230-1EEF8B3C6872}.Debug|Any CPU.ActiveCfg = Debug|Any CPU
		{AFEB3991-7C6B-482F-A230-1EEF8B3C6872}.Debug|Any CPU.Build.0 = Debug|Any CPU
		{AFEB3991-7C6B-482F-A230-1EEF8B3C6872}.Debug|ARM.ActiveCfg = Debug|Any CPU
		{AFEB3991-7C6B-482F-A230-1EEF8B3C6872}.Debug|ARM.Build.0 = Debug|Any CPU
		{AFEB3991-7C6B-482F-A230-1EEF8B3C6872}.Debug|ARM64.ActiveCfg = Debug|Any CPU
		{AFEB3991-7C6B-482F-A230-1EEF8B3C6872}.Debug|ARM64.Build.0 = Debug|Any CPU
		{AFEB3991-7C6B-482F-A230-1EEF8B3C6872}.Debug|x64.ActiveCfg = Debug|Any CPU
		{AFEB3991-7C6B-482F-A230-1EEF8B3C6872}.Debug|x64.Build.0 = Debug|Any CPU
		{AFEB3991-7C6B-482F-A230-1EEF8B3C6872}.Debug|x86.ActiveCfg = Debug|Any CPU
		{AFEB3991-7C6B-482F-A230-1EEF8B3C6872}.Debug|x86.Build.0 = Debug|Any CPU
		{AFEB3991-7C6B-482F-A230-1EEF8B3C6872}.Release|Any CPU.ActiveCfg = Release|Any CPU
		{AFEB3991-7C6B-482F-A230-1EEF8B3C6872}.Release|Any CPU.Build.0 = Release|Any CPU
		{AFEB3991-7C6B-482F-A230-1EEF8B3C6872}.Release|ARM.ActiveCfg = Release|Any CPU
		{AFEB3991-7C6B-482F-A230-1EEF8B3C6872}.Release|ARM.Build.0 = Release|Any CPU
		{AFEB3991-7C6B-482F-A230-1EEF8B3C6872}.Release|ARM64.ActiveCfg = Release|Any CPU
		{AFEB3991-7C6B-482F-A230-1EEF8B3C6872}.Release|ARM64.Build.0 = Release|Any CPU
		{AFEB3991-7C6B-482F-A230-1EEF8B3C6872}.Release|x64.ActiveCfg = Release|Any CPU
		{AFEB3991-7C6B-482F-A230-1EEF8B3C6872}.Release|x64.Build.0 = Release|Any CPU
		{AFEB3991-7C6B-482F-A230-1EEF8B3C6872}.Release|x86.ActiveCfg = Release|Any CPU
		{AFEB3991-7C6B-482F-A230-1EEF8B3C6872}.Release|x86.Build.0 = Release|Any CPU
		{F0F61389-B74A-4F72-A4BB-8AB2D4917E88}.Debug|Any CPU.ActiveCfg = Debug|Any CPU
		{F0F61389-B74A-4F72-A4BB-8AB2D4917E88}.Debug|Any CPU.Build.0 = Debug|Any CPU
		{F0F61389-B74A-4F72-A4BB-8AB2D4917E88}.Debug|ARM.ActiveCfg = Debug|Any CPU
		{F0F61389-B74A-4F72-A4BB-8AB2D4917E88}.Debug|ARM.Build.0 = Debug|Any CPU
		{F0F61389-B74A-4F72-A4BB-8AB2D4917E88}.Debug|ARM64.ActiveCfg = Debug|Any CPU
		{F0F61389-B74A-4F72-A4BB-8AB2D4917E88}.Debug|ARM64.Build.0 = Debug|Any CPU
		{F0F61389-B74A-4F72-A4BB-8AB2D4917E88}.Debug|x64.ActiveCfg = Debug|Any CPU
		{F0F61389-B74A-4F72-A4BB-8AB2D4917E88}.Debug|x64.Build.0 = Debug|Any CPU
		{F0F61389-B74A-4F72-A4BB-8AB2D4917E88}.Debug|x86.ActiveCfg = Debug|Any CPU
		{F0F61389-B74A-4F72-A4BB-8AB2D4917E88}.Debug|x86.Build.0 = Debug|Any CPU
		{F0F61389-B74A-4F72-A4BB-8AB2D4917E88}.Release|Any CPU.ActiveCfg = Release|Any CPU
		{F0F61389-B74A-4F72-A4BB-8AB2D4917E88}.Release|Any CPU.Build.0 = Release|Any CPU
		{F0F61389-B74A-4F72-A4BB-8AB2D4917E88}.Release|ARM.ActiveCfg = Release|Any CPU
		{F0F61389-B74A-4F72-A4BB-8AB2D4917E88}.Release|ARM.Build.0 = Release|Any CPU
		{F0F61389-B74A-4F72-A4BB-8AB2D4917E88}.Release|ARM64.ActiveCfg = Release|Any CPU
		{F0F61389-B74A-4F72-A4BB-8AB2D4917E88}.Release|ARM64.Build.0 = Release|Any CPU
		{F0F61389-B74A-4F72-A4BB-8AB2D4917E88}.Release|x64.ActiveCfg = Release|Any CPU
		{F0F61389-B74A-4F72-A4BB-8AB2D4917E88}.Release|x64.Build.0 = Release|Any CPU
		{F0F61389-B74A-4F72-A4BB-8AB2D4917E88}.Release|x86.ActiveCfg = Release|Any CPU
		{F0F61389-B74A-4F72-A4BB-8AB2D4917E88}.Release|x86.Build.0 = Release|Any CPU
		{2837164D-432C-46F9-B6B5-DF86D84F5751}.Debug|Any CPU.ActiveCfg = Debug|Any CPU
		{2837164D-432C-46F9-B6B5-DF86D84F5751}.Debug|Any CPU.Build.0 = Debug|Any CPU
		{2837164D-432C-46F9-B6B5-DF86D84F5751}.Debug|ARM.ActiveCfg = Debug|Any CPU
		{2837164D-432C-46F9-B6B5-DF86D84F5751}.Debug|ARM.Build.0 = Debug|Any CPU
		{2837164D-432C-46F9-B6B5-DF86D84F5751}.Debug|ARM64.ActiveCfg = Debug|Any CPU
		{2837164D-432C-46F9-B6B5-DF86D84F5751}.Debug|ARM64.Build.0 = Debug|Any CPU
		{2837164D-432C-46F9-B6B5-DF86D84F5751}.Debug|x64.ActiveCfg = Debug|Any CPU
		{2837164D-432C-46F9-B6B5-DF86D84F5751}.Debug|x64.Build.0 = Debug|Any CPU
		{2837164D-432C-46F9-B6B5-DF86D84F5751}.Debug|x86.ActiveCfg = Debug|Any CPU
		{2837164D-432C-46F9-B6B5-DF86D84F5751}.Debug|x86.Build.0 = Debug|Any CPU
		{2837164D-432C-46F9-B6B5-DF86D84F5751}.Release|Any CPU.ActiveCfg = Release|Any CPU
		{2837164D-432C-46F9-B6B5-DF86D84F5751}.Release|Any CPU.Build.0 = Release|Any CPU
		{2837164D-432C-46F9-B6B5-DF86D84F5751}.Release|ARM.ActiveCfg = Release|Any CPU
		{2837164D-432C-46F9-B6B5-DF86D84F5751}.Release|ARM.Build.0 = Release|Any CPU
		{2837164D-432C-46F9-B6B5-DF86D84F5751}.Release|ARM64.ActiveCfg = Release|Any CPU
		{2837164D-432C-46F9-B6B5-DF86D84F5751}.Release|ARM64.Build.0 = Release|Any CPU
		{2837164D-432C-46F9-B6B5-DF86D84F5751}.Release|x64.ActiveCfg = Release|Any CPU
		{2837164D-432C-46F9-B6B5-DF86D84F5751}.Release|x64.Build.0 = Release|Any CPU
		{2837164D-432C-46F9-B6B5-DF86D84F5751}.Release|x86.ActiveCfg = Release|Any CPU
		{2837164D-432C-46F9-B6B5-DF86D84F5751}.Release|x86.Build.0 = Release|Any CPU
		{16D53B4D-627E-453F-AE29-BA8025E482F2}.Debug|Any CPU.ActiveCfg = Debug|Any CPU
		{16D53B4D-627E-453F-AE29-BA8025E482F2}.Debug|Any CPU.Build.0 = Debug|Any CPU
		{16D53B4D-627E-453F-AE29-BA8025E482F2}.Debug|ARM.ActiveCfg = Debug|Any CPU
		{16D53B4D-627E-453F-AE29-BA8025E482F2}.Debug|ARM.Build.0 = Debug|Any CPU
		{16D53B4D-627E-453F-AE29-BA8025E482F2}.Debug|ARM64.ActiveCfg = Debug|Any CPU
		{16D53B4D-627E-453F-AE29-BA8025E482F2}.Debug|ARM64.Build.0 = Debug|Any CPU
		{16D53B4D-627E-453F-AE29-BA8025E482F2}.Debug|x64.ActiveCfg = Debug|Any CPU
		{16D53B4D-627E-453F-AE29-BA8025E482F2}.Debug|x64.Build.0 = Debug|Any CPU
		{16D53B4D-627E-453F-AE29-BA8025E482F2}.Debug|x86.ActiveCfg = Debug|Any CPU
		{16D53B4D-627E-453F-AE29-BA8025E482F2}.Debug|x86.Build.0 = Debug|Any CPU
		{16D53B4D-627E-453F-AE29-BA8025E482F2}.Release|Any CPU.ActiveCfg = Release|Any CPU
		{16D53B4D-627E-453F-AE29-BA8025E482F2}.Release|Any CPU.Build.0 = Release|Any CPU
		{16D53B4D-627E-453F-AE29-BA8025E482F2}.Release|ARM.ActiveCfg = Release|Any CPU
		{16D53B4D-627E-453F-AE29-BA8025E482F2}.Release|ARM.Build.0 = Release|Any CPU
		{16D53B4D-627E-453F-AE29-BA8025E482F2}.Release|ARM64.ActiveCfg = Release|Any CPU
		{16D53B4D-627E-453F-AE29-BA8025E482F2}.Release|ARM64.Build.0 = Release|Any CPU
		{16D53B4D-627E-453F-AE29-BA8025E482F2}.Release|x64.ActiveCfg = Release|Any CPU
		{16D53B4D-627E-453F-AE29-BA8025E482F2}.Release|x64.Build.0 = Release|Any CPU
		{16D53B4D-627E-453F-AE29-BA8025E482F2}.Release|x86.ActiveCfg = Release|Any CPU
		{16D53B4D-627E-453F-AE29-BA8025E482F2}.Release|x86.Build.0 = Release|Any CPU
		{97A38703-32DB-4596-A1A7-051A145FECFA}.Debug|Any CPU.ActiveCfg = Debug|Any CPU
		{97A38703-32DB-4596-A1A7-051A145FECFA}.Debug|Any CPU.Build.0 = Debug|Any CPU
		{97A38703-32DB-4596-A1A7-051A145FECFA}.Debug|ARM.ActiveCfg = Debug|Any CPU
		{97A38703-32DB-4596-A1A7-051A145FECFA}.Debug|ARM.Build.0 = Debug|Any CPU
		{97A38703-32DB-4596-A1A7-051A145FECFA}.Debug|ARM64.ActiveCfg = Debug|Any CPU
		{97A38703-32DB-4596-A1A7-051A145FECFA}.Debug|ARM64.Build.0 = Debug|Any CPU
		{97A38703-32DB-4596-A1A7-051A145FECFA}.Debug|x64.ActiveCfg = Debug|Any CPU
		{97A38703-32DB-4596-A1A7-051A145FECFA}.Debug|x64.Build.0 = Debug|Any CPU
		{97A38703-32DB-4596-A1A7-051A145FECFA}.Debug|x86.ActiveCfg = Debug|Any CPU
		{97A38703-32DB-4596-A1A7-051A145FECFA}.Debug|x86.Build.0 = Debug|Any CPU
		{97A38703-32DB-4596-A1A7-051A145FECFA}.Release|Any CPU.ActiveCfg = Release|Any CPU
		{97A38703-32DB-4596-A1A7-051A145FECFA}.Release|Any CPU.Build.0 = Release|Any CPU
		{97A38703-32DB-4596-A1A7-051A145FECFA}.Release|ARM.ActiveCfg = Release|Any CPU
		{97A38703-32DB-4596-A1A7-051A145FECFA}.Release|ARM.Build.0 = Release|Any CPU
		{97A38703-32DB-4596-A1A7-051A145FECFA}.Release|ARM64.ActiveCfg = Release|Any CPU
		{97A38703-32DB-4596-A1A7-051A145FECFA}.Release|ARM64.Build.0 = Release|Any CPU
		{97A38703-32DB-4596-A1A7-051A145FECFA}.Release|x64.ActiveCfg = Release|Any CPU
		{97A38703-32DB-4596-A1A7-051A145FECFA}.Release|x64.Build.0 = Release|Any CPU
		{97A38703-32DB-4596-A1A7-051A145FECFA}.Release|x86.ActiveCfg = Release|Any CPU
		{97A38703-32DB-4596-A1A7-051A145FECFA}.Release|x86.Build.0 = Release|Any CPU
	EndGlobalSection
	GlobalSection(SolutionProperties) = preSolution
		HideSolutionNode = FALSE
	EndGlobalSection
	GlobalSection(ExtensibilityGlobals) = postSolution
		SolutionGuid = {2B4FC0BB-A60B-4C9F-B408-B9A1FB902BBB}
	EndGlobalSection
EndGlobal
