
Microsoft Visual Studio Solution File, Format Version 12.00
# Visual Studio Version 16
VisualStudioVersion = 16.0.31205.134
MinimumVisualStudioVersion = 10.0.40219.1
Project("{FAE04EC0-301F-11D3-BF4B-00C04F79EFBC}") = "MinecraftBotManager", "MinecraftBotManager\MinecraftBotManager.csproj", "{A19E1C05-0A40-4FF8-BF78-7174BC8BA910}"
EndProject
Project("{FAE04EC0-301F-11D3-BF4B-00C04F79EFBC}") = "MinecraftLibrary", "MinecraftLibrary\MinecraftLibrary.csproj", "{0D15FF94-592E-44A0-9D68-FAE0393CA975}"
EndProject
Project("{FAE04EC0-301F-11D3-BF4B-00C04F79EFBC}") = "TestApp", "TestApp\TestApp.csproj", "{E170B8A5-B0A4-4278-B4CE-0B19EF67832D}"
EndProject
Project("{FAE04EC0-301F-11D3-BF4B-00C04F79EFBC}") = "ModulesLibrary", "ModulesLibrary\ModulesLibrary.csproj", "{ABFED196-AD9C-4ECC-909F-46FAEB2BCC06}"
EndProject
Project("{FAE04EC0-301F-11D3-BF4B-00C04F79EFBC}") = "MinecraftLibrary.API", "MinecraftLibrary.API\MinecraftLibrary.API.csproj", "{26AB2F21-8A9F-4853-924B-6FCC570E3443}"
EndProject
Project("{FAE04EC0-301F-11D3-BF4B-00C04F79EFBC}") = "MinecraftLibrary.Geometry", "MinecraftLibrary.Geometry\MinecraftLibrary.Geometry.csproj", "{48CD6040-D60B-410D-9404-B1755831EC97}"
EndProject
Project("{FAE04EC0-301F-11D3-BF4B-00C04F79EFBC}") = "MinecraftLibrary.Core", "MinecraftLibrary.Core\MinecraftLibrary.Core.csproj", "{50176DAF-3B94-434D-9D97-5DDBFE5A87CD}"
EndProject
Project("{FAE04EC0-301F-11D3-BF4B-00C04F79EFBC}") = "MinecraftLibrary.Networking", "MinecraftLibrary.Networking\MinecraftLibrary.Networking.csproj", "{CB1B4836-B89B-4F41-8A14-D560FE57641B}"
EndProject
Global
	GlobalSection(SolutionConfigurationPlatforms) = preSolution
		Debug|Any CPU = Debug|Any CPU
		Debug|x86 = Debug|x86
		Release|Any CPU = Release|Any CPU
		Release|x86 = Release|x86
	EndGlobalSection
	GlobalSection(ProjectConfigurationPlatforms) = postSolution
		{A19E1C05-0A40-4FF8-BF78-7174BC8BA910}.Debug|Any CPU.ActiveCfg = Debug|Any CPU
		{A19E1C05-0A40-4FF8-BF78-7174BC8BA910}.Debug|Any CPU.Build.0 = Debug|Any CPU
		{A19E1C05-0A40-4FF8-BF78-7174BC8BA910}.Debug|x86.ActiveCfg = Debug|Any CPU
		{A19E1C05-0A40-4FF8-BF78-7174BC8BA910}.Debug|x86.Build.0 = Debug|Any CPU
		{A19E1C05-0A40-4FF8-BF78-7174BC8BA910}.Release|Any CPU.ActiveCfg = Release|Any CPU
		{A19E1C05-0A40-4FF8-BF78-7174BC8BA910}.Release|Any CPU.Build.0 = Release|Any CPU
		{A19E1C05-0A40-4FF8-BF78-7174BC8BA910}.Release|x86.ActiveCfg = Release|Any CPU
		{A19E1C05-0A40-4FF8-BF78-7174BC8BA910}.Release|x86.Build.0 = Release|Any CPU
		{0D15FF94-592E-44A0-9D68-FAE0393CA975}.Debug|Any CPU.ActiveCfg = Debug|Any CPU
		{0D15FF94-592E-44A0-9D68-FAE0393CA975}.Debug|Any CPU.Build.0 = Debug|Any CPU
		{0D15FF94-592E-44A0-9D68-FAE0393CA975}.Debug|x86.ActiveCfg = Debug|Any CPU
		{0D15FF94-592E-44A0-9D68-FAE0393CA975}.Debug|x86.Build.0 = Debug|Any CPU
		{0D15FF94-592E-44A0-9D68-FAE0393CA975}.Release|Any CPU.ActiveCfg = Release|Any CPU
		{0D15FF94-592E-44A0-9D68-FAE0393CA975}.Release|Any CPU.Build.0 = Release|Any CPU
		{0D15FF94-592E-44A0-9D68-FAE0393CA975}.Release|x86.ActiveCfg = Release|Any CPU
		{0D15FF94-592E-44A0-9D68-FAE0393CA975}.Release|x86.Build.0 = Release|Any CPU
		{E170B8A5-B0A4-4278-B4CE-0B19EF67832D}.Debug|Any CPU.ActiveCfg = Debug|Any CPU
		{E170B8A5-B0A4-4278-B4CE-0B19EF67832D}.Debug|Any CPU.Build.0 = Debug|Any CPU
		{E170B8A5-B0A4-4278-B4CE-0B19EF67832D}.Debug|x86.ActiveCfg = Debug|Any CPU
		{E170B8A5-B0A4-4278-B4CE-0B19EF67832D}.Debug|x86.Build.0 = Debug|Any CPU
		{E170B8A5-B0A4-4278-B4CE-0B19EF67832D}.Release|Any CPU.ActiveCfg = Release|Any CPU
		{E170B8A5-B0A4-4278-B4CE-0B19EF67832D}.Release|Any CPU.Build.0 = Release|Any CPU
		{E170B8A5-B0A4-4278-B4CE-0B19EF67832D}.Release|x86.ActiveCfg = Release|Any CPU
		{E170B8A5-B0A4-4278-B4CE-0B19EF67832D}.Release|x86.Build.0 = Release|Any CPU
		{ABFED196-AD9C-4ECC-909F-46FAEB2BCC06}.Debug|Any CPU.ActiveCfg = Debug|Any CPU
		{ABFED196-AD9C-4ECC-909F-46FAEB2BCC06}.Debug|Any CPU.Build.0 = Debug|Any CPU
		{ABFED196-AD9C-4ECC-909F-46FAEB2BCC06}.Debug|x86.ActiveCfg = Debug|Any CPU
		{ABFED196-AD9C-4ECC-909F-46FAEB2BCC06}.Debug|x86.Build.0 = Debug|Any CPU
		{ABFED196-AD9C-4ECC-909F-46FAEB2BCC06}.Release|Any CPU.ActiveCfg = Release|Any CPU
		{ABFED196-AD9C-4ECC-909F-46FAEB2BCC06}.Release|Any CPU.Build.0 = Release|Any CPU
		{ABFED196-AD9C-4ECC-909F-46FAEB2BCC06}.Release|x86.ActiveCfg = Release|Any CPU
		{ABFED196-AD9C-4ECC-909F-46FAEB2BCC06}.Release|x86.Build.0 = Release|Any CPU
		{26AB2F21-8A9F-4853-924B-6FCC570E3443}.Debug|Any CPU.ActiveCfg = Debug|Any CPU
		{26AB2F21-8A9F-4853-924B-6FCC570E3443}.Debug|Any CPU.Build.0 = Debug|Any CPU
		{26AB2F21-8A9F-4853-924B-6FCC570E3443}.Debug|x86.ActiveCfg = Debug|Any CPU
		{26AB2F21-8A9F-4853-924B-6FCC570E3443}.Debug|x86.Build.0 = Debug|Any CPU
		{26AB2F21-8A9F-4853-924B-6FCC570E3443}.Release|Any CPU.ActiveCfg = Release|Any CPU
		{26AB2F21-8A9F-4853-924B-6FCC570E3443}.Release|Any CPU.Build.0 = Release|Any CPU
		{26AB2F21-8A9F-4853-924B-6FCC570E3443}.Release|x86.ActiveCfg = Release|Any CPU
		{26AB2F21-8A9F-4853-924B-6FCC570E3443}.Release|x86.Build.0 = Release|Any CPU
		{48CD6040-D60B-410D-9404-B1755831EC97}.Debug|Any CPU.ActiveCfg = Debug|Any CPU
		{48CD6040-D60B-410D-9404-B1755831EC97}.Debug|Any CPU.Build.0 = Debug|Any CPU
		{48CD6040-D60B-410D-9404-B1755831EC97}.Debug|x86.ActiveCfg = Debug|Any CPU
		{48CD6040-D60B-410D-9404-B1755831EC97}.Debug|x86.Build.0 = Debug|Any CPU
		{48CD6040-D60B-410D-9404-B1755831EC97}.Release|Any CPU.ActiveCfg = Release|Any CPU
		{48CD6040-D60B-410D-9404-B1755831EC97}.Release|Any CPU.Build.0 = Release|Any CPU
		{48CD6040-D60B-410D-9404-B1755831EC97}.Release|x86.ActiveCfg = Release|Any CPU
		{48CD6040-D60B-410D-9404-B1755831EC97}.Release|x86.Build.0 = Release|Any CPU
		{50176DAF-3B94-434D-9D97-5DDBFE5A87CD}.Debug|Any CPU.ActiveCfg = Debug|Any CPU
		{50176DAF-3B94-434D-9D97-5DDBFE5A87CD}.Debug|Any CPU.Build.0 = Debug|Any CPU
		{50176DAF-3B94-434D-9D97-5DDBFE5A87CD}.Debug|x86.ActiveCfg = Debug|Any CPU
		{50176DAF-3B94-434D-9D97-5DDBFE5A87CD}.Debug|x86.Build.0 = Debug|Any CPU
		{50176DAF-3B94-434D-9D97-5DDBFE5A87CD}.Release|Any CPU.ActiveCfg = Release|Any CPU
		{50176DAF-3B94-434D-9D97-5DDBFE5A87CD}.Release|Any CPU.Build.0 = Release|Any CPU
		{50176DAF-3B94-434D-9D97-5DDBFE5A87CD}.Release|x86.ActiveCfg = Release|Any CPU
		{50176DAF-3B94-434D-9D97-5DDBFE5A87CD}.Release|x86.Build.0 = Release|Any CPU
		{CB1B4836-B89B-4F41-8A14-D560FE57641B}.Debug|Any CPU.ActiveCfg = Debug|Any CPU
		{CB1B4836-B89B-4F41-8A14-D560FE57641B}.Debug|Any CPU.Build.0 = Debug|Any CPU
		{CB1B4836-B89B-4F41-8A14-D560FE57641B}.Debug|x86.ActiveCfg = Debug|Any CPU
		{CB1B4836-B89B-4F41-8A14-D560FE57641B}.Debug|x86.Build.0 = Debug|Any CPU
		{CB1B4836-B89B-4F41-8A14-D560FE57641B}.Release|Any CPU.ActiveCfg = Release|Any CPU
		{CB1B4836-B89B-4F41-8A14-D560FE57641B}.Release|Any CPU.Build.0 = Release|Any CPU
		{CB1B4836-B89B-4F41-8A14-D560FE57641B}.Release|x86.ActiveCfg = Release|Any CPU
		{CB1B4836-B89B-4F41-8A14-D560FE57641B}.Release|x86.Build.0 = Release|Any CPU
	EndGlobalSection
	GlobalSection(SolutionProperties) = preSolution
		HideSolutionNode = FALSE
	EndGlobalSection
	GlobalSection(ExtensibilityGlobals) = postSolution
		SolutionGuid = {59238941-BDBD-4AFA-A280-0266E71B4527}
	EndGlobalSection
EndGlobal
