
Microsoft Visual Studio Solution File, Format Version 12.00
# Visual Studio Version 17
VisualStudioVersion = 17.0.32112.339
MinimumVisualStudioVersion = 10.0.40219.1
Project("{9A19103F-16F7-4668-BE54-9A1E7A4F7556}") = "MinecraftBotManagerWPF", "MinecraftBotManagerWPF\MinecraftBotManagerWPF.csproj", "{16D53B4D-627E-453F-AE29-BA8025E482F2}"
EndProject
Project("{9A19103F-16F7-4668-BE54-9A1E7A4F7556}") = "MinecraftBotManager.Domain", "MinecraftBotManager.Domain\MinecraftBotManager.Domain.csproj", "{90E0F17C-DBB4-4E60-BABA-946E464F50C9}"
EndProject
Project("{FAE04EC0-301F-11D3-BF4B-00C04F79EFBC}") = "MinecraftBotManagerWinUI", "MinecraftBotManagerWinUI\MinecraftBotManagerWinUI.csproj", "{FEDDCFAA-6455-428F-813A-78949DF10796}"
EndProject
Global
	GlobalSection(SolutionConfigurationPlatforms) = preSolution
		Debug|Any CPU = Debug|Any CPU
		Debug|ARM = Debug|ARM
		Debug|ARM64 = Debug|ARM64
		Debug|x64 = Debug|x64
		Debug|x86 = Debug|x86
		Release|Any CPU = Release|Any CPU
		Release|ARM = Release|ARM
		Release|ARM64 = Release|ARM64
		Release|x64 = Release|x64
		Release|x86 = Release|x86
	EndGlobalSection
	GlobalSection(ProjectConfigurationPlatforms) = postSolution
		{16D53B4D-627E-453F-AE29-BA8025E482F2}.Debug|Any CPU.ActiveCfg = Debug|Any CPU
		{16D53B4D-627E-453F-AE29-BA8025E482F2}.Debug|Any CPU.Build.0 = Debug|Any CPU
		{16D53B4D-627E-453F-AE29-BA8025E482F2}.Debug|ARM.ActiveCfg = Debug|Any CPU
		{16D53B4D-627E-453F-AE29-BA8025E482F2}.Debug|ARM.Build.0 = Debug|Any CPU
		{16D53B4D-627E-453F-AE29-BA8025E482F2}.Debug|ARM64.ActiveCfg = Debug|Any CPU
		{16D53B4D-627E-453F-AE29-BA8025E482F2}.Debug|ARM64.Build.0 = Debug|Any CPU
		{16D53B4D-627E-453F-AE29-BA8025E482F2}.Debug|x64.ActiveCfg = Debug|Any CPU
		{16D53B4D-627E-453F-AE29-BA8025E482F2}.Debug|x64.Build.0 = Debug|Any CPU
		{16D53B4D-627E-453F-AE29-BA8025E482F2}.Debug|x86.ActiveCfg = Debug|Any CPU
		{16D53B4D-627E-453F-AE29-BA8025E482F2}.Debug|x86.Build.0 = Debug|Any CPU
		{16D53B4D-627E-453F-AE29-BA8025E482F2}.Release|Any CPU.ActiveCfg = Release|Any CPU
		{16D53B4D-627E-453F-AE29-BA8025E482F2}.Release|Any CPU.Build.0 = Release|Any CPU
		{16D53B4D-627E-453F-AE29-BA8025E482F2}.Release|ARM.ActiveCfg = Release|Any CPU
		{16D53B4D-627E-453F-AE29-BA8025E482F2}.Release|ARM.Build.0 = Release|Any CPU
		{16D53B4D-627E-453F-AE29-BA8025E482F2}.Release|ARM64.ActiveCfg = Release|Any CPU
		{16D53B4D-627E-453F-AE29-BA8025E482F2}.Release|ARM64.Build.0 = Release|Any CPU
		{16D53B4D-627E-453F-AE29-BA8025E482F2}.Release|x64.ActiveCfg = Release|Any CPU
		{16D53B4D-627E-453F-AE29-BA8025E482F2}.Release|x64.Build.0 = Release|Any CPU
		{16D53B4D-627E-453F-AE29-BA8025E482F2}.Release|x86.ActiveCfg = Release|Any CPU
		{16D53B4D-627E-453F-AE29-BA8025E482F2}.Release|x86.Build.0 = Release|Any CPU
		{90E0F17C-DBB4-4E60-BABA-946E464F50C9}.Debug|Any CPU.ActiveCfg = Debug|Any CPU
		{90E0F17C-DBB4-4E60-BABA-946E464F50C9}.Debug|Any CPU.Build.0 = Debug|Any CPU
		{90E0F17C-DBB4-4E60-BABA-946E464F50C9}.Debug|ARM.ActiveCfg = Debug|Any CPU
		{90E0F17C-DBB4-4E60-BABA-946E464F50C9}.Debug|ARM.Build.0 = Debug|Any CPU
		{90E0F17C-DBB4-4E60-BABA-946E464F50C9}.Debug|ARM64.ActiveCfg = Debug|Any CPU
		{90E0F17C-DBB4-4E60-BABA-946E464F50C9}.Debug|ARM64.Build.0 = Debug|Any CPU
		{90E0F17C-DBB4-4E60-BABA-946E464F50C9}.Debug|x64.ActiveCfg = Debug|Any CPU
		{90E0F17C-DBB4-4E60-BABA-946E464F50C9}.Debug|x64.Build.0 = Debug|Any CPU
		{90E0F17C-DBB4-4E60-BABA-946E464F50C9}.Debug|x86.ActiveCfg = Debug|Any CPU
		{90E0F17C-DBB4-4E60-BABA-946E464F50C9}.Debug|x86.Build.0 = Debug|Any CPU
		{90E0F17C-DBB4-4E60-BABA-946E464F50C9}.Release|Any CPU.ActiveCfg = Release|Any CPU
		{90E0F17C-DBB4-4E60-BABA-946E464F50C9}.Release|Any CPU.Build.0 = Release|Any CPU
		{90E0F17C-DBB4-4E60-BABA-946E464F50C9}.Release|ARM.ActiveCfg = Release|Any CPU
		{90E0F17C-DBB4-4E60-BABA-946E464F50C9}.Release|ARM.Build.0 = Release|Any CPU
		{90E0F17C-DBB4-4E60-BABA-946E464F50C9}.Release|ARM64.ActiveCfg = Release|Any CPU
		{90E0F17C-DBB4-4E60-BABA-946E464F50C9}.Release|ARM64.Build.0 = Release|Any CPU
		{90E0F17C-DBB4-4E60-BABA-946E464F50C9}.Release|x64.ActiveCfg = Release|Any CPU
		{90E0F17C-DBB4-4E60-BABA-946E464F50C9}.Release|x64.Build.0 = Release|Any CPU
		{90E0F17C-DBB4-4E60-BABA-946E464F50C9}.Release|x86.ActiveCfg = Release|Any CPU
		{90E0F17C-DBB4-4E60-BABA-946E464F50C9}.Release|x86.Build.0 = Release|Any CPU
		{FEDDCFAA-6455-428F-813A-78949DF10796}.Debug|Any CPU.ActiveCfg = Debug|x64
		{FEDDCFAA-6455-428F-813A-78949DF10796}.Debug|Any CPU.Build.0 = Debug|x64
		{FEDDCFAA-6455-428F-813A-78949DF10796}.Debug|Any CPU.Deploy.0 = Debug|x64
		{FEDDCFAA-6455-428F-813A-78949DF10796}.Debug|ARM.ActiveCfg = Debug|x64
		{FEDDCFAA-6455-428F-813A-78949DF10796}.Debug|ARM.Build.0 = Debug|x64
		{FEDDCFAA-6455-428F-813A-78949DF10796}.Debug|ARM.Deploy.0 = Debug|x64
		{FEDDCFAA-6455-428F-813A-78949DF10796}.Debug|ARM64.ActiveCfg = Debug|arm64
		{FEDDCFAA-6455-428F-813A-78949DF10796}.Debug|ARM64.Build.0 = Debug|arm64
		{FEDDCFAA-6455-428F-813A-78949DF10796}.Debug|ARM64.Deploy.0 = Debug|arm64
		{FEDDCFAA-6455-428F-813A-78949DF10796}.Debug|x64.ActiveCfg = Debug|x64
		{FEDDCFAA-6455-428F-813A-78949DF10796}.Debug|x64.Build.0 = Debug|x64
		{FEDDCFAA-6455-428F-813A-78949DF10796}.Debug|x64.Deploy.0 = Debug|x64
		{FEDDCFAA-6455-428F-813A-78949DF10796}.Debug|x86.ActiveCfg = Debug|x86
		{FEDDCFAA-6455-428F-813A-78949DF10796}.Debug|x86.Build.0 = Debug|x86
		{FEDDCFAA-6455-428F-813A-78949DF10796}.Debug|x86.Deploy.0 = Debug|x86
		{FEDDCFAA-6455-428F-813A-78949DF10796}.Release|Any CPU.ActiveCfg = Release|x64
		{FEDDCFAA-6455-428F-813A-78949DF10796}.Release|Any CPU.Build.0 = Release|x64
		{FEDDCFAA-6455-428F-813A-78949DF10796}.Release|Any CPU.Deploy.0 = Release|x64
		{FEDDCFAA-6455-428F-813A-78949DF10796}.Release|ARM.ActiveCfg = Release|x64
		{FEDDCFAA-6455-428F-813A-78949DF10796}.Release|ARM.Build.0 = Release|x64
		{FEDDCFAA-6455-428F-813A-78949DF10796}.Release|ARM.Deploy.0 = Release|x64
		{FEDDCFAA-6455-428F-813A-78949DF10796}.Release|ARM64.ActiveCfg = Release|arm64
		{FEDDCFAA-6455-428F-813A-78949DF10796}.Release|ARM64.Build.0 = Release|arm64
		{FEDDCFAA-6455-428F-813A-78949DF10796}.Release|ARM64.Deploy.0 = Release|arm64
		{FEDDCFAA-6455-428F-813A-78949DF10796}.Release|x64.ActiveCfg = Release|x64
		{FEDDCFAA-6455-428F-813A-78949DF10796}.Release|x64.Build.0 = Release|x64
		{FEDDCFAA-6455-428F-813A-78949DF10796}.Release|x64.Deploy.0 = Release|x64
		{FEDDCFAA-6455-428F-813A-78949DF10796}.Release|x86.ActiveCfg = Release|x86
		{FEDDCFAA-6455-428F-813A-78949DF10796}.Release|x86.Build.0 = Release|x86
		{FEDDCFAA-6455-428F-813A-78949DF10796}.Release|x86.Deploy.0 = Release|x86
	EndGlobalSection
	GlobalSection(SolutionProperties) = preSolution
		HideSolutionNode = FALSE
	EndGlobalSection
	GlobalSection(ExtensibilityGlobals) = postSolution
		SolutionGuid = {2B4FC0BB-A60B-4C9F-B408-B9A1FB902BBB}
	EndGlobalSection
EndGlobal
